
Microsoft Visual Studio Solution File, Format Version 12.00
# Visual Studio Version 17
VisualStudioVersion = 17.0.31903.59
MinimumVisualStudioVersion = 10.0.40219.1
Project("{2150E333-8FDC-42A3-9474-1A3956D46DE8}") = "src", "src", "{827E0CD3-B72D-47B6-A68D-7590B98EB39B}"
EndProject
Project("{FAE04EC0-301F-11D3-BF4B-00C04F79EFBC}") = "GrayjayPeerTube.Domain", "src\GrayjayPeerTube.Domain\GrayjayPeerTube.Domain.csproj", "{7F66F3D2-7B37-4965-99F9-DCEF18C64A43}"
EndProject
Project("{FAE04EC0-301F-11D3-BF4B-00C04F79EFBC}") = "GrayjayPeerTube.Application", "src\GrayjayPeerTube.Application\GrayjayPeerTube.Application.csproj", "{08D8262C-86CC-4420-BC7F-150D0C17178E}"
EndProject
Project("{FAE04EC0-301F-11D3-BF4B-00C04F79EFBC}") = "GrayjayPeerTube.Infrastructure", "src\GrayjayPeerTube.Infrastructure\GrayjayPeerTube.Infrastructure.csproj", "{DF413F7B-866B-40EB-9026-752C09D9CDA9}"
EndProject
Project("{FAE04EC0-301F-11D3-BF4B-00C04F79EFBC}") = "GrayjayPeerTube.Api", "src\GrayjayPeerTube.Api\GrayjayPeerTube.Api.csproj", "{E900F0E6-2CEC-40F6-865C-7169DE73AC56}"
EndProject
Project("{2150E333-8FDC-42A3-9474-1A3956D46DE8}") = "tests", "tests", "{0AB3BF05-4346-4AA6-1389-037BE0695223}"
EndProject
Project("{FAE04EC0-301F-11D3-BF4B-00C04F79EFBC}") = "GrayjayPeerTube.Tests", "tests\GrayjayPeerTube.Tests\GrayjayPeerTube.Tests.csproj", "{523CCA63-36F1-4FFB-99AA-D05FDDD94037}"
EndProject
Global
	GlobalSection(SolutionConfigurationPlatforms) = preSolution
		Debug|Any CPU = Debug|Any CPU
		Debug|x64 = Debug|x64
		Debug|x86 = Debug|x86
		Release|Any CPU = Release|Any CPU
		Release|x64 = Release|x64
		Release|x86 = Release|x86
	EndGlobalSection
	GlobalSection(ProjectConfigurationPlatforms) = postSolution
		{7F66F3D2-7B37-4965-99F9-DCEF18C64A43}.Debug|Any CPU.ActiveCfg = Debug|Any CPU
		{7F66F3D2-7B37-4965-99F9-DCEF18C64A43}.Debug|Any CPU.Build.0 = Debug|Any CPU
		{7F66F3D2-7B37-4965-99F9-DCEF18C64A43}.Debug|x64.ActiveCfg = Debug|Any CPU
		{7F66F3D2-7B37-4965-99F9-DCEF18C64A43}.Debug|x64.Build.0 = Debug|Any CPU
		{7F66F3D2-7B37-4965-99F9-DCEF18C64A43}.Debug|x86.ActiveCfg = Debug|Any CPU
		{7F66F3D2-7B37-4965-99F9-DCEF18C64A43}.Debug|x86.Build.0 = Debug|Any CPU
		{7F66F3D2-7B37-4965-99F9-DCEF18C64A43}.Release|Any CPU.ActiveCfg = Release|Any CPU
		{7F66F3D2-7B37-4965-99F9-DCEF18C64A43}.Release|Any CPU.Build.0 = Release|Any CPU
		{7F66F3D2-7B37-4965-99F9-DCEF18C64A43}.Release|x64.ActiveCfg = Release|Any CPU
		{7F66F3D2-7B37-4965-99F9-DCEF18C64A43}.Release|x64.Build.0 = Release|Any CPU
		{7F66F3D2-7B37-4965-99F9-DCEF18C64A43}.Release|x86.ActiveCfg = Release|Any CPU
		{7F66F3D2-7B37-4965-99F9-DCEF18C64A43}.Release|x86.Build.0 = Release|Any CPU
		{08D8262C-86CC-4420-BC7F-150D0C17178E}.Debug|Any CPU.ActiveCfg = Debug|Any CPU
		{08D8262C-86CC-4420-BC7F-150D0C17178E}.Debug|Any CPU.Build.0 = Debug|Any CPU
		{08D8262C-86CC-4420-BC7F-150D0C17178E}.Debug|x64.ActiveCfg = Debug|Any CPU
		{08D8262C-86CC-4420-BC7F-150D0C17178E}.Debug|x64.Build.0 = Debug|Any CPU
		{08D8262C-86CC-4420-BC7F-150D0C17178E}.Debug|x86.ActiveCfg = Debug|Any CPU
		{08D8262C-86CC-4420-BC7F-150D0C17178E}.Debug|x86.Build.0 = Debug|Any CPU
		{08D8262C-86CC-4420-BC7F-150D0C17178E}.Release|Any CPU.ActiveCfg = Release|Any CPU
		{08D8262C-86CC-4420-BC7F-150D0C17178E}.Release|Any CPU.Build.0 = Release|Any CPU
		{08D8262C-86CC-4420-BC7F-150D0C17178E}.Release|x64.ActiveCfg = Release|Any CPU
		{08D8262C-86CC-4420-BC7F-150D0C17178E}.Release|x64.Build.0 = Release|Any CPU
		{08D8262C-86CC-4420-BC7F-150D0C17178E}.Release|x86.ActiveCfg = Release|Any CPU
		{08D8262C-86CC-4420-BC7F-150D0C17178E}.Release|x86.Build.0 = Release|Any CPU
		{DF413F7B-866B-40EB-9026-752C09D9CDA9}.Debug|Any CPU.ActiveCfg = Debug|Any CPU
		{DF413F7B-866B-40EB-9026-752C09D9CDA9}.Debug|Any CPU.Build.0 = Debug|Any CPU
		{DF413F7B-866B-40EB-9026-752C09D9CDA9}.Debug|x64.ActiveCfg = Debug|Any CPU
		{DF413F7B-866B-40EB-9026-752C09D9CDA9}.Debug|x64.Build.0 = Debug|Any CPU
		{DF413F7B-866B-40EB-9026-752C09D9CDA9}.Debug|x86.ActiveCfg = Debug|Any CPU
		{DF413F7B-866B-40EB-9026-752C09D9CDA9}.Debug|x86.Build.0 = Debug|Any CPU
		{DF413F7B-866B-40EB-9026-752C09D9CDA9}.Release|Any CPU.ActiveCfg = Release|Any CPU
		{DF413F7B-866B-40EB-9026-752C09D9CDA9}.Release|Any CPU.Build.0 = Release|Any CPU
		{DF413F7B-866B-40EB-9026-752C09D9CDA9}.Release|x64.ActiveCfg = Release|Any CPU
		{DF413F7B-866B-40EB-9026-752C09D9CDA9}.Release|x64.Build.0 = Release|Any CPU
		{DF413F7B-866B-40EB-9026-752C09D9CDA9}.Release|x86.ActiveCfg = Release|Any CPU
		{DF413F7B-866B-40EB-9026-752C09D9CDA9}.Release|x86.Build.0 = Release|Any CPU
		{E900F0E6-2CEC-40F6-865C-7169DE73AC56}.Debug|Any CPU.ActiveCfg = Debug|Any CPU
		{E900F0E6-2CEC-40F6-865C-7169DE73AC56}.Debug|Any CPU.Build.0 = Debug|Any CPU
		{E900F0E6-2CEC-40F6-865C-7169DE73AC56}.Debug|x64.ActiveCfg = Debug|Any CPU
		{E900F0E6-2CEC-40F6-865C-7169DE73AC56}.Debug|x64.Build.0 = Debug|Any CPU
		{E900F0E6-2CEC-40F6-865C-7169DE73AC56}.Debug|x86.ActiveCfg = Debug|Any CPU
		{E900F0E6-2CEC-40F6-865C-7169DE73AC56}.Debug|x86.Build.0 = Debug|Any CPU
		{E900F0E6-2CEC-40F6-865C-7169DE73AC56}.Release|Any CPU.ActiveCfg = Release|Any CPU
		{E900F0E6-2CEC-40F6-865C-7169DE73AC56}.Release|Any CPU.Build.0 = Release|Any CPU
		{E900F0E6-2CEC-40F6-865C-7169DE73AC56}.Release|x64.ActiveCfg = Release|Any CPU
		{E900F0E6-2CEC-40F6-865C-7169DE73AC56}.Release|x64.Build.0 = Release|Any CPU
		{E900F0E6-2CEC-40F6-865C-7169DE73AC56}.Release|x86.ActiveCfg = Release|Any CPU
		{E900F0E6-2CEC-40F6-865C-7169DE73AC56}.Release|x86.Build.0 = Release|Any CPU
		{523CCA63-36F1-4FFB-99AA-D05FDDD94037}.Debug|Any CPU.ActiveCfg = Debug|Any CPU
		{523CCA63-36F1-4FFB-99AA-D05FDDD94037}.Debug|Any CPU.Build.0 = Debug|Any CPU
		{523CCA63-36F1-4FFB-99AA-D05FDDD94037}.Debug|x64.ActiveCfg = Debug|Any CPU
		{523CCA63-36F1-4FFB-99AA-D05FDDD94037}.Debug|x64.Build.0 = Debug|Any CPU
		{523CCA63-36F1-4FFB-99AA-D05FDDD94037}.Debug|x86.ActiveCfg = Debug|Any CPU
		{523CCA63-36F1-4FFB-99AA-D05FDDD94037}.Debug|x86.Build.0 = Debug|Any CPU
		{523CCA63-36F1-4FFB-99AA-D05FDDD94037}.Release|Any CPU.ActiveCfg = Release|Any CPU
		{523CCA63-36F1-4FFB-99AA-D05FDDD94037}.Release|Any CPU.Build.0 = Release|Any CPU
		{523CCA63-36F1-4FFB-99AA-D05FDDD94037}.Release|x64.ActiveCfg = Release|Any CPU
		{523CCA63-36F1-4FFB-99AA-D05FDDD94037}.Release|x64.Build.0 = Release|Any CPU
		{523CCA63-36F1-4FFB-99AA-D05FDDD94037}.Release|x86.ActiveCfg = Release|Any CPU
		{523CCA63-36F1-4FFB-99AA-D05FDDD94037}.Release|x86.Build.0 = Release|Any CPU
	EndGlobalSection
	GlobalSection(SolutionProperties) = preSolution
		HideSolutionNode = FALSE
	EndGlobalSection
	GlobalSection(NestedProjects) = preSolution
		{7F66F3D2-7B37-4965-99F9-DCEF18C64A43} = {827E0CD3-B72D-47B6-A68D-7590B98EB39B}
		{08D8262C-86CC-4420-BC7F-150D0C17178E} = {827E0CD3-B72D-47B6-A68D-7590B98EB39B}
		{DF413F7B-866B-40EB-9026-752C09D9CDA9} = {827E0CD3-B72D-47B6-A68D-7590B98EB39B}
		{E900F0E6-2CEC-40F6-865C-7169DE73AC56} = {827E0CD3-B72D-47B6-A68D-7590B98EB39B}
		{523CCA63-36F1-4FFB-99AA-D05FDDD94037} = {0AB3BF05-4346-4AA6-1389-037BE0695223}
	EndGlobalSection
EndGlobal
